
Microsoft Visual Studio Solution File, Format Version 12.00
# Visual Studio Version 17
VisualStudioVersion = 17.8.34330.188
MinimumVisualStudioVersion = 10.0.40219.1
Project("{FAE04EC0-301F-11D3-BF4B-00C04F79EFBC}") = "loanApi", "loanApi.csproj", "{C94ED7D9-6DE1-4B07-BAB6-7826BCE9CBAE}"
EndProject
Global
	GlobalSection(SolutionConfigurationPlatforms) = preSolution
		Debug|Any CPU = Debug|Any CPU
		Release|Any CPU = Release|Any CPU
	EndGlobalSection
	GlobalSection(ProjectConfigurationPlatforms) = postSolution
		{C94ED7D9-6DE1-4B07-BAB6-7826BCE9CBAE}.Debug|Any CPU.ActiveCfg = Debug|Any CPU
		{C94ED7D9-6DE1-4B07-BAB6-7826BCE9CBAE}.Debug|Any CPU.Build.0 = Debug|Any CPU
		{C94ED7D9-6DE1-4B07-BAB6-7826BCE9CBAE}.Release|Any CPU.ActiveCfg = Release|Any CPU
		{C94ED7D9-6DE1-4B07-BAB6-7826BCE9CBAE}.Release|Any CPU.Build.0 = Release|Any CPU
	EndGlobalSection
	GlobalSection(SolutionProperties) = preSolution
		HideSolutionNode = FALSE
	EndGlobalSection
	GlobalSection(ExtensibilityGlobals) = postSolution
		SolutionGuid = {C6302708-5479-49D5-9919-94654A1943ED}
	EndGlobalSection
EndGlobal
